
Microsoft Visual Studio Solution File, Format Version 12.00
Project("{2150E333-8FDC-42A3-9474-1A3956D46DE8}") = "src", "src", "{8E13C5B2-D220-467F-8B1E-0B6A51BCCF7C}"
EndProject
Project("{2150E333-8FDC-42A3-9474-1A3956D46DE8}") = "tests", "tests", "{3BEFCFA7-CB95-46E3-AB95-3F25D86828D8}"
EndProject
Project("{FAE04EC0-301F-11D3-BF4B-00C04F79EFBC}") = "EventPlanner.Application", "EventPlanner.Application\EventPlanner.Application.csproj", "{82A7EAEA-6FDE-49E1-B029-A560261A571E}"
EndProject
Project("{FAE04EC0-301F-11D3-BF4B-00C04F79EFBC}") = "EventPlanner.Domain", "EventPlanner.Domain\EventPlanner.Domain.csproj", "{D9955CB3-40DA-421D-80D7-47ADA3EFA028}"
EndProject
Project("{FAE04EC0-301F-11D3-BF4B-00C04F79EFBC}") = "EventPlanner.Infrastructure", "EventPlanner.Infrastructure\EventPlanner.Infrastructure.csproj", "{62A93A74-F7BB-4DAA-AB28-F6DB80DE25D4}"
EndProject
Project("{FAE04EC0-301F-11D3-BF4B-00C04F79EFBC}") = "EventPlanner.WebAPI", "EventPlanner.WebAPI\EventPlanner.WebAPI.csproj", "{50A37A6B-3219-460D-9BEC-283E5FFDA05A}"
EndProject
Project("{FAE04EC0-301F-11D3-BF4B-00C04F79EFBC}") = "EventPlanner.Shared", "EventPlanner.Shared\EventPlanner.Shared.csproj", "{C8700E79-7293-447B-9BA8-99A835B456EC}"
EndProject
Project("{FAE04EC0-301F-11D3-BF4B-00C04F79EFBC}") = "EventPlanner.UnitTests", "EventPlanner.UnitTests\EventPlanner.UnitTests.csproj", "{C316D405-561A-4D54-9592-882A02DA32B0}"
EndProject
Project("{FAE04EC0-301F-11D3-BF4B-00C04F79EFBC}") = "EventPlanner.IntegrationTests", "EventPlanner.IntegrationTests\EventPlanner.IntegrationTests.csproj", "{2B232E5E-269A-4FEC-A372-BADB53B83A35}"
EndProject
Global
	GlobalSection(SolutionConfigurationPlatforms) = preSolution
		Debug|Any CPU = Debug|Any CPU
		Release|Any CPU = Release|Any CPU
	EndGlobalSection
	GlobalSection(ProjectConfigurationPlatforms) = postSolution
		{82A7EAEA-6FDE-49E1-B029-A560261A571E}.Debug|Any CPU.ActiveCfg = Debug|Any CPU
		{82A7EAEA-6FDE-49E1-B029-A560261A571E}.Debug|Any CPU.Build.0 = Debug|Any CPU
		{82A7EAEA-6FDE-49E1-B029-A560261A571E}.Release|Any CPU.ActiveCfg = Release|Any CPU
		{82A7EAEA-6FDE-49E1-B029-A560261A571E}.Release|Any CPU.Build.0 = Release|Any CPU
		{D9955CB3-40DA-421D-80D7-47ADA3EFA028}.Debug|Any CPU.ActiveCfg = Debug|Any CPU
		{D9955CB3-40DA-421D-80D7-47ADA3EFA028}.Debug|Any CPU.Build.0 = Debug|Any CPU
		{D9955CB3-40DA-421D-80D7-47ADA3EFA028}.Release|Any CPU.ActiveCfg = Release|Any CPU
		{D9955CB3-40DA-421D-80D7-47ADA3EFA028}.Release|Any CPU.Build.0 = Release|Any CPU
		{62A93A74-F7BB-4DAA-AB28-F6DB80DE25D4}.Debug|Any CPU.ActiveCfg = Debug|Any CPU
		{62A93A74-F7BB-4DAA-AB28-F6DB80DE25D4}.Debug|Any CPU.Build.0 = Debug|Any CPU
		{62A93A74-F7BB-4DAA-AB28-F6DB80DE25D4}.Release|Any CPU.ActiveCfg = Release|Any CPU
		{62A93A74-F7BB-4DAA-AB28-F6DB80DE25D4}.Release|Any CPU.Build.0 = Release|Any CPU
		{50A37A6B-3219-460D-9BEC-283E5FFDA05A}.Debug|Any CPU.ActiveCfg = Debug|Any CPU
		{50A37A6B-3219-460D-9BEC-283E5FFDA05A}.Debug|Any CPU.Build.0 = Debug|Any CPU
		{50A37A6B-3219-460D-9BEC-283E5FFDA05A}.Release|Any CPU.ActiveCfg = Release|Any CPU
		{50A37A6B-3219-460D-9BEC-283E5FFDA05A}.Release|Any CPU.Build.0 = Release|Any CPU
		{C8700E79-7293-447B-9BA8-99A835B456EC}.Debug|Any CPU.ActiveCfg = Debug|Any CPU
		{C8700E79-7293-447B-9BA8-99A835B456EC}.Debug|Any CPU.Build.0 = Debug|Any CPU
		{C8700E79-7293-447B-9BA8-99A835B456EC}.Release|Any CPU.ActiveCfg = Release|Any CPU
		{C8700E79-7293-447B-9BA8-99A835B456EC}.Release|Any CPU.Build.0 = Release|Any CPU
		{C316D405-561A-4D54-9592-882A02DA32B0}.Debug|Any CPU.ActiveCfg = Debug|Any CPU
		{C316D405-561A-4D54-9592-882A02DA32B0}.Release|Any CPU.ActiveCfg = Release|Any CPU
		{C316D405-561A-4D54-9592-882A02DA32B0}.Release|Any CPU.Build.0 = Release|Any CPU
		{C316D405-561A-4D54-9592-882A02DA32B0}.Debug|Any CPU.Build.0 = Debug|Any CPU
		{2B232E5E-269A-4FEC-A372-BADB53B83A35}.Debug|Any CPU.ActiveCfg = Debug|Any CPU
		{2B232E5E-269A-4FEC-A372-BADB53B83A35}.Debug|Any CPU.Build.0 = Debug|Any CPU
		{2B232E5E-269A-4FEC-A372-BADB53B83A35}.Release|Any CPU.ActiveCfg = Release|Any CPU
		{2B232E5E-269A-4FEC-A372-BADB53B83A35}.Release|Any CPU.Build.0 = Release|Any CPU
	EndGlobalSection
	GlobalSection(NestedProjects) = preSolution
		{82A7EAEA-6FDE-49E1-B029-A560261A571E} = {8E13C5B2-D220-467F-8B1E-0B6A51BCCF7C}
		{D9955CB3-40DA-421D-80D7-47ADA3EFA028} = {8E13C5B2-D220-467F-8B1E-0B6A51BCCF7C}
		{62A93A74-F7BB-4DAA-AB28-F6DB80DE25D4} = {8E13C5B2-D220-467F-8B1E-0B6A51BCCF7C}
		{50A37A6B-3219-460D-9BEC-283E5FFDA05A} = {8E13C5B2-D220-467F-8B1E-0B6A51BCCF7C}
		{C8700E79-7293-447B-9BA8-99A835B456EC} = {8E13C5B2-D220-467F-8B1E-0B6A51BCCF7C}
		{C316D405-561A-4D54-9592-882A02DA32B0} = {3BEFCFA7-CB95-46E3-AB95-3F25D86828D8}
		{2B232E5E-269A-4FEC-A372-BADB53B83A35} = {3BEFCFA7-CB95-46E3-AB95-3F25D86828D8}
	EndGlobalSection
EndGlobal
