
Microsoft Visual Studio Solution File, Format Version 12.00
Project("{FAE04EC0-301F-11D3-BF4B-00C04F79EFBC}") = "EventPlanner.Domain", "EventPlanner.Domain\EventPlanner.Domain.csproj", "{BC28FD0F-477A-4A62-9E09-A3AFC8DCF604}"
EndProject
Project("{FAE04EC0-301F-11D3-BF4B-00C04F79EFBC}") = "EventPlanner.Application", "EventPlanner.Application\EventPlanner.Application.csproj", "{D515B55B-80A0-4D01-909C-CDCA98EE58C5}"
EndProject
Project("{FAE04EC0-301F-11D3-BF4B-00C04F79EFBC}") = "EventPlanner.Shared", "EventPlanner.Shared\EventPlanner.Shared.csproj", "{732C95ED-E6C5-4ED4-8BD4-68DBAAE27345}"
EndProject
Project("{FAE04EC0-301F-11D3-BF4B-00C04F79EFBC}") = "EventPlanner.Tests", "EventPlanner.Tests\EventPlanner.Tests.csproj", "{D6F9B0ED-BB36-4BD4-99D0-33B750CD4CF6}"
EndProject
Global
	GlobalSection(SolutionConfigurationPlatforms) = preSolution
		Debug|Any CPU = Debug|Any CPU
		Release|Any CPU = Release|Any CPU
	EndGlobalSection
	GlobalSection(ProjectConfigurationPlatforms) = postSolution
		{BC28FD0F-477A-4A62-9E09-A3AFC8DCF604}.Debug|Any CPU.ActiveCfg = Debug|Any CPU
		{BC28FD0F-477A-4A62-9E09-A3AFC8DCF604}.Debug|Any CPU.Build.0 = Debug|Any CPU
		{BC28FD0F-477A-4A62-9E09-A3AFC8DCF604}.Release|Any CPU.ActiveCfg = Release|Any CPU
		{BC28FD0F-477A-4A62-9E09-A3AFC8DCF604}.Release|Any CPU.Build.0 = Release|Any CPU
		{D515B55B-80A0-4D01-909C-CDCA98EE58C5}.Debug|Any CPU.ActiveCfg = Debug|Any CPU
		{D515B55B-80A0-4D01-909C-CDCA98EE58C5}.Debug|Any CPU.Build.0 = Debug|Any CPU
		{D515B55B-80A0-4D01-909C-CDCA98EE58C5}.Release|Any CPU.ActiveCfg = Release|Any CPU
		{D515B55B-80A0-4D01-909C-CDCA98EE58C5}.Release|Any CPU.Build.0 = Release|Any CPU
		{732C95ED-E6C5-4ED4-8BD4-68DBAAE27345}.Debug|Any CPU.ActiveCfg = Debug|Any CPU
		{732C95ED-E6C5-4ED4-8BD4-68DBAAE27345}.Debug|Any CPU.Build.0 = Debug|Any CPU
		{732C95ED-E6C5-4ED4-8BD4-68DBAAE27345}.Release|Any CPU.ActiveCfg = Release|Any CPU
		{732C95ED-E6C5-4ED4-8BD4-68DBAAE27345}.Release|Any CPU.Build.0 = Release|Any CPU
		{D6F9B0ED-BB36-4BD4-99D0-33B750CD4CF6}.Debug|Any CPU.ActiveCfg = Debug|Any CPU
		{D6F9B0ED-BB36-4BD4-99D0-33B750CD4CF6}.Debug|Any CPU.Build.0 = Debug|Any CPU
		{D6F9B0ED-BB36-4BD4-99D0-33B750CD4CF6}.Release|Any CPU.ActiveCfg = Release|Any CPU
		{D6F9B0ED-BB36-4BD4-99D0-33B750CD4CF6}.Release|Any CPU.Build.0 = Release|Any CPU
	EndGlobalSection
EndGlobal
